// !$*UTF8*$!
{
	archiveVersion = 1;
	classes = {
	};
	objectVersion = 46;
	objects = {

/* Begin PBXBuildFile section */
		C36677C21EC542E6005279C3 /* AppDelegate.swift in Sources */ = {isa = PBXBuildFile; fileRef = C36677C11EC542E6005279C3 /* AppDelegate.swift */; };
		C36677C91EC542E6005279C3 /* Assets.xcassets in Resources */ = {isa = PBXBuildFile; fileRef = C36677C81EC542E6005279C3 /* Assets.xcassets */; };
		C36677CC1EC542E6005279C3 /* LaunchScreen.storyboard in Resources */ = {isa = PBXBuildFile; fileRef = C36677CA1EC542E6005279C3 /* LaunchScreen.storyboard */; };
		C36677D41EC548AF005279C3 /* Storyboard.storyboard in Resources */ = {isa = PBXBuildFile; fileRef = C36677D31EC548AF005279C3 /* Storyboard.storyboard */; };
		C36677D61EC54966005279C3 /* NumbersTableViewController.swift in Sources */ = {isa = PBXBuildFile; fileRef = C36677D51EC54966005279C3 /* NumbersTableViewController.swift */; };
/* End PBXBuildFile section */

/* Begin PBXFileReference section */
		C36677BE1EC542E6005279C3 /* DefaultTableViewExample.app */ = {isa = PBXFileReference; explicitFileType = wrapper.application; includeInIndex = 0; path = DefaultTableViewExample.app; sourceTree = BUILT_PRODUCTS_DIR; };
		C36677C11EC542E6005279C3 /* AppDelegate.swift */ = {isa = PBXFileReference; lastKnownFileType = sourcecode.swift; path = AppDelegate.swift; sourceTree = "<group>"; };
		C36677C81EC542E6005279C3 /* Assets.xcassets */ = {isa = PBXFileReference; lastKnownFileType = folder.assetcatalog; path = Assets.xcassets; sourceTree = "<group>"; };
		C36677CB1EC542E6005279C3 /* Base */ = {isa = PBXFileReference; lastKnownFileType = file.storyboard; name = Base; path = Base.lproj/LaunchScreen.storyboard; sourceTree = "<group>"; };
		C36677CD1EC542E6005279C3 /* Info.plist */ = {isa = PBXFileReference; lastKnownFileType = text.plist.xml; path = Info.plist; sourceTree = "<group>"; };
		C36677D31EC548AF005279C3 /* Storyboard.storyboard */ = {isa = PBXFileReference; fileEncoding = 4; lastKnownFileType = file.storyboard; path = Storyboard.storyboard; sourceTree = "<group>"; };
		C36677D51EC54966005279C3 /* NumbersTableViewController.swift */ = {isa = PBXFileReference; fileEncoding = 4; lastKnownFileType = sourcecode.swift; path = NumbersTableViewController.swift; sourceTree = "<group>"; };
/* End PBXFileReference section */

/* Begin PBXFrameworksBuildPhase section */
		C36677BB1EC542E6005279C3 /* Frameworks */ = {
			isa = PBXFrameworksBuildPhase;
			buildActionMask = 2147483647;
			files = (
			);
			runOnlyForDeploymentPostprocessing = 0;
		};
/* End PBXFrameworksBuildPhase section */

/* Begin PBXGroup section */
		C36677B51EC542E6005279C3 = {
			isa = PBXGroup;
			children = (
				C36677C01EC542E6005279C3 /* DefaultTableViewExample */,
				C36677BF1EC542E6005279C3 /* Products */,
			);
			sourceTree = "<group>";
		};
		C36677BF1EC542E6005279C3 /* Products */ = {
			isa = PBXGroup;
			children = (
				C36677BE1EC542E6005279C3 /* DefaultTableViewExample.app */,
			);
			name = Products;
			sourceTree = "<group>";
		};
		C36677C01EC542E6005279C3 /* DefaultTableViewExample */ = {
			isa = PBXGroup;
			children = (
				C36677C11EC542E6005279C3 /* AppDelegate.swift */,
				C36677D51EC54966005279C3 /* NumbersTableViewController.swift */,
				C36677C81EC542E6005279C3 /* Assets.xcassets */,
				C36677CA1EC542E6005279C3 /* LaunchScreen.storyboard */,
				C36677CD1EC542E6005279C3 /* Info.plist */,
				C36677D31EC548AF005279C3 /* Storyboard.storyboard */,
			);
			path = DefaultTableViewExample;
			sourceTree = "<group>";
		};
/* End PBXGroup section */

/* Begin PBXNativeTarget section */
		C36677BD1EC542E6005279C3 /* DefaultTableViewExample */ = {
			isa = PBXNativeTarget;
			buildConfigurationList = C36677D01EC542E6005279C3 /* Build configuration list for PBXNativeTarget "DefaultTableViewExample" */;
			buildPhases = (
				C36677BA1EC542E6005279C3 /* Sources */,
				C36677BB1EC542E6005279C3 /* Frameworks */,
				C36677BC1EC542E6005279C3 /* Resources */,
			);
			buildRules = (
			);
			dependencies = (
			);
			name = DefaultTableViewExample;
			productName = DefaultTableViewExample;
			productReference = C36677BE1EC542E6005279C3 /* DefaultTableViewExample.app */;
			productType = "com.apple.product-type.application";
		};
/* End PBXNativeTarget section */

/* Begin PBXProject section */
		C36677B61EC542E6005279C3 /* Project object */ = {
			isa = PBXProject;
			attributes = {
				LastSwiftUpdateCheck = 0830;
				LastUpgradeCheck = 0830;
				ORGANIZATIONNAME = administrator;
				TargetAttributes = {
					C36677BD1EC542E6005279C3 = {
						CreatedOnToolsVersion = 8.3.2;
						ProvisioningStyle = Automatic;
					};
				};
			};
			buildConfigurationList = C36677B91EC542E6005279C3 /* Build configuration list for PBXProject "DefaultTableViewExample" */;
			compatibilityVersion = "Xcode 3.2";
			developmentRegion = English;
			hasScannedForEncodings = 0;
			knownRegions = (
				en,
				Base,
			);
			mainGroup = C36677B51EC542E6005279C3;
			productRefGroup = C36677BF1EC542E6005279C3 /* Products */;
			projectDirPath = "";
			projectRoot = "";
			targets = (
				C36677BD1EC542E6005279C3 /* DefaultTableViewExample */,
			);
		};
/* End PBXProject section */

/* Begin PBXResourcesBuildPhase section */
		C36677BC1EC542E6005279C3 /* Resources */ = {
			isa = PBXResourcesBuildPhase;
			buildActionMask = 2147483647;
			files = (
				C36677CC1EC542E6005279C3 /* LaunchScreen.storyboard in Resources */,
				C36677C91EC542E6005279C3 /* Assets.xcassets in Resources */,
				C36677D41EC548AF005279C3 /* Storyboard.storyboard in Resources */,
			);
			runOnlyForDeploymentPostprocessing = 0;
		};
/* End PBXResourcesBuildPhase section */

/* Begin PBXSourcesBuildPhase section */
		C36677BA1EC542E6005279C3 /* Sources */ = {
			isa = PBXSourcesBuildPhase;
			buildActionMask = 2147483647;
			files = (
				C36677D61EC54966005279C3 /* NumbersTableViewController.swift in Sources */,
				C36677C21EC542E6005279C3 /* AppDelegate.swift in Sources */,
			);
			runOnlyForDeploymentPostprocessing = 0;
		};
/* End PBXSourcesBuildPhase section */

/* Begin PBXVariantGroup section */
		C36677CA1EC542E6005279C3 /* LaunchScreen.storyboard */ = {
			isa = PBXVariantGroup;
			children = (
				C36677CB1EC542E6005279C3 /* Base */,
			);
			name = LaunchScreen.storyboard;
			sourceTree = "<group>";
		};
/* End PBXVariantGroup section */

/* Begin XCBuildConfiguration section */
		C36677CE1EC542E6005279C3 /* Debug */ = {
			isa = XCBuildConfiguration;
			buildSettings = {
				ALWAYS_SEARCH_USER_PATHS = NO;
				CLANG_ANALYZER_NONNULL = YES;
				CLANG_ANALYZER_NUMBER_OBJECT_CONVERSION = YES_AGGRESSIVE;
				CLANG_CXX_LANGUAGE_STANDARD = "gnu++0x";
				CLANG_CXX_LIBRARY = "libc++";
				CLANG_ENABLE_MODULES = YES;
				CLANG_ENABLE_OBJC_ARC = YES;
				CLANG_WARN_BOOL_CONVERSION = YES;
				CLANG_WARN_CONSTANT_CONVERSION = YES;
				CLANG_WARN_DIRECT_OBJC_ISA_USAGE = YES_ERROR;
				CLANG_WARN_DOCUMENTATION_COMMENTS = YES;
				CLANG_WARN_EMPTY_BODY = YES;
				CLANG_WARN_ENUM_CONVERSION = YES;
				CLANG_WARN_INFINITE_RECURSION = YES;
				CLANG_WARN_INT_CONVERSION = YES;
				CLANG_WARN_OBJC_ROOT_CLASS = YES_ERROR;
				CLANG_WARN_SUSPICIOUS_MOVE = YES;
				CLANG_WARN_UNREACHABLE_CODE = YES;
				CLANG_WARN__DUPLICATE_METHOD_MATCH = YES;
				"CODE_SIGN_IDENTITY[sdk=iphoneos*]" = "iPhone Developer";
				COPY_PHASE_STRIP = NO;
				DEBUG_INFORMATION_FORMAT = dwarf;
				ENABLE_STRICT_OBJC_MSGSEND = YES;
				ENABLE_TESTABILITY = YES;
				GCC_C_LANGUAGE_STANDARD = gnu99;
				GCC_DYNAMIC_NO_PIC = NO;
				GCC_NO_COMMON_BLOCKS = YES;
				GCC_OPTIMIZATION_LEVEL = 0;
				GCC_PREPROCESSOR_DEFINITIONS = (
					"DEBUG=1",
					"$(inherited)",
				);
				GCC_WARN_64_TO_32_BIT_CONVERSION = YES;
				GCC_WARN_ABOUT_RETURN_TYPE = YES_ERROR;
				GCC_WARN_UNDECLARED_SELECTOR = YES;
				GCC_WARN_UNINITIALIZED_AUTOS = YES_AGGRESSIVE;
				GCC_WARN_UNUSED_FUNCTION = YES;
				GCC_WARN_UNUSED_VARIABLE = YES;
				IPHONEOS_DEPLOYMENT_TARGET = 10.3;
				MTL_ENABLE_DEBUG_INFO = YES;
				ONLY_ACTIVE_ARCH = YES;
				SDKROOT = iphoneos;
				SWIFT_ACTIVE_COMPILATION_CONDITIONS = DEBUG;
				SWIFT_OPTIMIZATION_LEVEL = "-Onone";
			};
			name = Debug;
		};
		C36677CF1EC542E6005279C3 /* Release */ = {
			isa = XCBuildConfiguration;
			buildSettings = {
				ALWAYS_SEARCH_USER_PATHS = NO;
				CLANG_ANALYZER_NONNULL = YES;
				CLANG_ANALYZER_NUMBER_OBJECT_CONVERSION = YES_AGGRESSIVE;
				CLANG_CXX_LANGUAGE_STANDARD = "gnu++0x";
				CLANG_CXX_LIBRARY = "libc++";
				CLANG_ENABLE_MODULES = YES;
				CLANG_ENABLE_OBJC_ARC = YES;
				CLANG_WARN_BOOL_CONVERSION = YES;
				CLANG_WARN_CONSTANT_CONVERSION = YES;
				CLANG_WARN_DIRECT_OBJC_ISA_USAGE = YES_ERROR;
				CLANG_WARN_DOCUMENTATION_COMMENTS = YES;
				CLANG_WARN_EMPTY_BODY = YES;
				CLANG_WARN_ENUM_CONVERSION = YES;
				CLANG_WARN_INFINITE_RECURSION = YES;
				CLANG_WARN_INT_CONVERSION = YES;
				CLANG_WARN_OBJC_ROOT_CLASS = YES_ERROR;
				CLANG_WARN_SUSPICIOUS_MOVE = YES;
				CLANG_WARN_UNREACHABLE_CODE = YES;
				CLANG_WARN__DUPLICATE_METHOD_MATCH = YES;
				"CODE_SIGN_IDENTITY[sdk=iphoneos*]" = "iPhone Developer";
				COPY_PHASE_STRIP = NO;
				DEBUG_INFORMATION_FORMAT = "dwarf-with-dsym";
				ENABLE_NS_ASSERTIONS = NO;
				ENABLE_STRICT_OBJC_MSGSEND = YES;
				GCC_C_LANGUAGE_STANDARD = gnu99;
				GCC_NO_COMMON_BLOCKS = YES;
				GCC_WARN_64_TO_32_BIT_CONVERSION = YES;
				GCC_WARN_ABOUT_RETURN_TYPE = YES_ERROR;
				GCC_WARN_UNDECLARED_SELECTOR = YES;
				GCC_WARN_UNINITIALIZED_AUTOS = YES_AGGRESSIVE;
				GCC_WARN_UNUSED_FUNCTION = YES;
				GCC_WARN_UNUSED_VARIABLE = YES;
				IPHONEOS_DEPLOYMENT_TARGET = 10.3;
				MTL_ENABLE_DEBUG_INFO = NO;
				SDKROOT = iphoneos;
				SWIFT_OPTIMIZATION_LEVEL = "-Owholemodule";
				VALIDATE_PRODUCT = YES;
			};
			name = Release;
		};
		C36677D11EC542E6005279C3 /* Debug */ = {
			isa = XCBuildConfiguration;
			buildSettings = {
				ASSETCATALOG_COMPILER_APPICON_NAME = AppIcon;
				INFOPLIST_FILE = DefaultTableViewExample/Info.plist;
				LD_RUNPATH_SEARCH_PATHS = "$(inherited) @executable_path/Frameworks";
				PRODUCT_BUNDLE_IDENTIFIER = IMPESA.DefaultTableViewExample;
				PRODUCT_NAME = "$(TARGET_NAME)";
				SWIFT_VERSION = 3.0;
			};
			name = Debug;
		};
		C36677D21EC542E6005279C3 /* Release */ = {
			isa = XCBuildConfiguration;
			buildSettings = {
				ASSETCATALOG_COMPILER_APPICON_NAME = AppIcon;
				INFOPLIST_FILE = DefaultTableViewExample/Info.plist;
				LD_RUNPATH_SEARCH_PATHS = "$(inherited) @executable_path/Frameworks";
				PRODUCT_BUNDLE_IDENTIFIER = IMPESA.DefaultTableViewExample;
				PRODUCT_NAME = "$(TARGET_NAME)";
				SWIFT_VERSION = 3.0;
			};
			name = Release;
		};
/* End XCBuildConfiguration section */

/* Begin XCConfigurationList section */
		C36677B91EC542E6005279C3 /* Build configuration list for PBXProject "DefaultTableViewExample" */ = {
			isa = XCConfigurationList;
			buildConfigurations = (
				C36677CE1EC542E6005279C3 /* Debug */,
				C36677CF1EC542E6005279C3 /* Release */,
			);
			defaultConfigurationIsVisible = 0;
			defaultConfigurationName = Release;
		};
		C36677D01EC542E6005279C3 /* Build configuration list for PBXNativeTarget "DefaultTableViewExample" */ = {
			isa = XCConfigurationList;
			buildConfigurations = (
				C36677D11EC542E6005279C3 /* Debug */,
				C36677D21EC542E6005279C3 /* Release */,
			);
			defaultConfigurationIsVisible = 0;
		};
/* End XCConfigurationList section */
	};
	rootObject = C36677B61EC542E6005279C3 /* Project object */;
}
