// !$*UTF8*$!
{
	archiveVersion = 1;
	classes = {
	};
	objectVersion = 46;
	objects = {

/* Begin PBXBuildFile section */
		C315901B1EC51EB500D9374C /* AppDelegate.swift in Sources */ = {isa = PBXBuildFile; fileRef = C315901A1EC51EB500D9374C /* AppDelegate.swift */; };
		C315901D1EC51EB500D9374C /* ViewController.swift in Sources */ = {isa = PBXBuildFile; fileRef = C315901C1EC51EB500D9374C /* ViewController.swift */; };
		C31590201EC51EB500D9374C /* Main.storyboard in Resources */ = {isa = PBXBuildFile; fileRef = C315901E1EC51EB500D9374C /* Main.storyboard */; };
		C31590221EC51EB500D9374C /* Assets.xcassets in Resources */ = {isa = PBXBuildFile; fileRef = C31590211EC51EB500D9374C /* Assets.xcassets */; };
		C31590251EC51EB500D9374C /* LaunchScreen.storyboard in Resources */ = {isa = PBXBuildFile; fileRef = C31590231EC51EB500D9374C /* LaunchScreen.storyboard */; };
		C315902D1EC5391000D9374C /* NameViewController.swift in Sources */ = {isa = PBXBuildFile; fileRef = C315902C1EC5391000D9374C /* NameViewController.swift */; };
/* End PBXBuildFile section */

/* Begin PBXFileReference section */
		C31590171EC51EB500D9374C /* Class2_A.app */ = {isa = PBXFileReference; explicitFileType = wrapper.application; includeInIndex = 0; path = Class2_A.app; sourceTree = BUILT_PRODUCTS_DIR; };
		C315901A1EC51EB500D9374C /* AppDelegate.swift */ = {isa = PBXFileReference; lastKnownFileType = sourcecode.swift; path = AppDelegate.swift; sourceTree = "<group>"; };
		C315901C1EC51EB500D9374C /* ViewController.swift */ = {isa = PBXFileReference; lastKnownFileType = sourcecode.swift; path = ViewController.swift; sourceTree = "<group>"; };
		C315901F1EC51EB500D9374C /* Base */ = {isa = PBXFileReference; lastKnownFileType = file.storyboard; name = Base; path = Base.lproj/Main.storyboard; sourceTree = "<group>"; };
		C31590211EC51EB500D9374C /* Assets.xcassets */ = {isa = PBXFileReference; lastKnownFileType = folder.assetcatalog; path = Assets.xcassets; sourceTree = "<group>"; };
		C31590241EC51EB500D9374C /* Base */ = {isa = PBXFileReference; lastKnownFileType = file.storyboard; name = Base; path = Base.lproj/LaunchScreen.storyboard; sourceTree = "<group>"; };
		C31590261EC51EB500D9374C /* Info.plist */ = {isa = PBXFileReference; lastKnownFileType = text.plist.xml; path = Info.plist; sourceTree = "<group>"; };
		C315902C1EC5391000D9374C /* NameViewController.swift */ = {isa = PBXFileReference; fileEncoding = 4; lastKnownFileType = sourcecode.swift; path = NameViewController.swift; sourceTree = "<group>"; };
/* End PBXFileReference section */

/* Begin PBXFrameworksBuildPhase section */
		C31590141EC51EB500D9374C /* Frameworks */ = {
			isa = PBXFrameworksBuildPhase;
			buildActionMask = 2147483647;
			files = (
			);
			runOnlyForDeploymentPostprocessing = 0;
		};
/* End PBXFrameworksBuildPhase section */

/* Begin PBXGroup section */
		C315900E1EC51EB500D9374C = {
			isa = PBXGroup;
			children = (
				C31590191EC51EB500D9374C /* Class2_A */,
				C31590181EC51EB500D9374C /* Products */,
			);
			sourceTree = "<group>";
		};
		C31590181EC51EB500D9374C /* Products */ = {
			isa = PBXGroup;
			children = (
				C31590171EC51EB500D9374C /* Class2_A.app */,
			);
			name = Products;
			sourceTree = "<group>";
		};
		C31590191EC51EB500D9374C /* Class2_A */ = {
			isa = PBXGroup;
			children = (
				C315901A1EC51EB500D9374C /* AppDelegate.swift */,
				C315901C1EC51EB500D9374C /* ViewController.swift */,
				C315902C1EC5391000D9374C /* NameViewController.swift */,
				C315901E1EC51EB500D9374C /* Main.storyboard */,
				C31590211EC51EB500D9374C /* Assets.xcassets */,
				C31590231EC51EB500D9374C /* LaunchScreen.storyboard */,
				C31590261EC51EB500D9374C /* Info.plist */,
			);
			path = Class2_A;
			sourceTree = "<group>";
		};
/* End PBXGroup section */

/* Begin PBXNativeTarget section */
		C31590161EC51EB500D9374C /* Class2_A */ = {
			isa = PBXNativeTarget;
			buildConfigurationList = C31590291EC51EB500D9374C /* Build configuration list for PBXNativeTarget "Class2_A" */;
			buildPhases = (
				C31590131EC51EB500D9374C /* Sources */,
				C31590141EC51EB500D9374C /* Frameworks */,
				C31590151EC51EB500D9374C /* Resources */,
			);
			buildRules = (
			);
			dependencies = (
			);
			name = Class2_A;
			productName = Class2_A;
			productReference = C31590171EC51EB500D9374C /* Class2_A.app */;
			productType = "com.apple.product-type.application";
		};
/* End PBXNativeTarget section */

/* Begin PBXProject section */
		C315900F1EC51EB500D9374C /* Project object */ = {
			isa = PBXProject;
			attributes = {
				LastSwiftUpdateCheck = 0830;
				LastUpgradeCheck = 0830;
				ORGANIZATIONNAME = administrator;
				TargetAttributes = {
					C31590161EC51EB500D9374C = {
						CreatedOnToolsVersion = 8.3.2;
						ProvisioningStyle = Automatic;
					};
				};
			};
			buildConfigurationList = C31590121EC51EB500D9374C /* Build configuration list for PBXProject "Class2_A" */;
			compatibilityVersion = "Xcode 3.2";
			developmentRegion = English;
			hasScannedForEncodings = 0;
			knownRegions = (
				en,
				Base,
			);
			mainGroup = C315900E1EC51EB500D9374C;
			productRefGroup = C31590181EC51EB500D9374C /* Products */;
			projectDirPath = "";
			projectRoot = "";
			targets = (
				C31590161EC51EB500D9374C /* Class2_A */,
			);
		};
/* End PBXProject section */

/* Begin PBXResourcesBuildPhase section */
		C31590151EC51EB500D9374C /* Resources */ = {
			isa = PBXResourcesBuildPhase;
			buildActionMask = 2147483647;
			files = (
				C31590251EC51EB500D9374C /* LaunchScreen.storyboard in Resources */,
				C31590221EC51EB500D9374C /* Assets.xcassets in Resources */,
				C31590201EC51EB500D9374C /* Main.storyboard in Resources */,
			);
			runOnlyForDeploymentPostprocessing = 0;
		};
/* End PBXResourcesBuildPhase section */

/* Begin PBXSourcesBuildPhase section */
		C31590131EC51EB500D9374C /* Sources */ = {
			isa = PBXSourcesBuildPhase;
			buildActionMask = 2147483647;
			files = (
				C315901D1EC51EB500D9374C /* ViewController.swift in Sources */,
				C315901B1EC51EB500D9374C /* AppDelegate.swift in Sources */,
				C315902D1EC5391000D9374C /* NameViewController.swift in Sources */,
			);
			runOnlyForDeploymentPostprocessing = 0;
		};
/* End PBXSourcesBuildPhase section */

/* Begin PBXVariantGroup section */
		C315901E1EC51EB500D9374C /* Main.storyboard */ = {
			isa = PBXVariantGroup;
			children = (
				C315901F1EC51EB500D9374C /* Base */,
			);
			name = Main.storyboard;
			sourceTree = "<group>";
		};
		C31590231EC51EB500D9374C /* LaunchScreen.storyboard */ = {
			isa = PBXVariantGroup;
			children = (
				C31590241EC51EB500D9374C /* Base */,
			);
			name = LaunchScreen.storyboard;
			sourceTree = "<group>";
		};
/* End PBXVariantGroup section */

/* Begin XCBuildConfiguration section */
		C31590271EC51EB500D9374C /* Debug */ = {
			isa = XCBuildConfiguration;
			buildSettings = {
				ALWAYS_SEARCH_USER_PATHS = NO;
				CLANG_ANALYZER_NONNULL = YES;
				CLANG_ANALYZER_NUMBER_OBJECT_CONVERSION = YES_AGGRESSIVE;
				CLANG_CXX_LANGUAGE_STANDARD = "gnu++0x";
				CLANG_CXX_LIBRARY = "libc++";
				CLANG_ENABLE_MODULES = YES;
				CLANG_ENABLE_OBJC_ARC = YES;
				CLANG_WARN_BOOL_CONVERSION = YES;
				CLANG_WARN_CONSTANT_CONVERSION = YES;
				CLANG_WARN_DIRECT_OBJC_ISA_USAGE = YES_ERROR;
				CLANG_WARN_DOCUMENTATION_COMMENTS = YES;
				CLANG_WARN_EMPTY_BODY = YES;
				CLANG_WARN_ENUM_CONVERSION = YES;
				CLANG_WARN_INFINITE_RECURSION = YES;
				CLANG_WARN_INT_CONVERSION = YES;
				CLANG_WARN_OBJC_ROOT_CLASS = YES_ERROR;
				CLANG_WARN_SUSPICIOUS_MOVE = YES;
				CLANG_WARN_UNREACHABLE_CODE = YES;
				CLANG_WARN__DUPLICATE_METHOD_MATCH = YES;
				"CODE_SIGN_IDENTITY[sdk=iphoneos*]" = "iPhone Developer";
				COPY_PHASE_STRIP = NO;
				DEBUG_INFORMATION_FORMAT = dwarf;
				ENABLE_STRICT_OBJC_MSGSEND = YES;
				ENABLE_TESTABILITY = YES;
				GCC_C_LANGUAGE_STANDARD = gnu99;
				GCC_DYNAMIC_NO_PIC = NO;
				GCC_NO_COMMON_BLOCKS = YES;
				GCC_OPTIMIZATION_LEVEL = 0;
				GCC_PREPROCESSOR_DEFINITIONS = (
					"DEBUG=1",
					"$(inherited)",
				);
				GCC_WARN_64_TO_32_BIT_CONVERSION = YES;
				GCC_WARN_ABOUT_RETURN_TYPE = YES_ERROR;
				GCC_WARN_UNDECLARED_SELECTOR = YES;
				GCC_WARN_UNINITIALIZED_AUTOS = YES_AGGRESSIVE;
				GCC_WARN_UNUSED_FUNCTION = YES;
				GCC_WARN_UNUSED_VARIABLE = YES;
				IPHONEOS_DEPLOYMENT_TARGET = 10.3;
				MTL_ENABLE_DEBUG_INFO = YES;
				ONLY_ACTIVE_ARCH = YES;
				SDKROOT = iphoneos;
				SWIFT_ACTIVE_COMPILATION_CONDITIONS = DEBUG;
				SWIFT_OPTIMIZATION_LEVEL = "-Onone";
				TARGETED_DEVICE_FAMILY = "1,2";
			};
			name = Debug;
		};
		C31590281EC51EB500D9374C /* Release */ = {
			isa = XCBuildConfiguration;
			buildSettings = {
				ALWAYS_SEARCH_USER_PATHS = NO;
				CLANG_ANALYZER_NONNULL = YES;
				CLANG_ANALYZER_NUMBER_OBJECT_CONVERSION = YES_AGGRESSIVE;
				CLANG_CXX_LANGUAGE_STANDARD = "gnu++0x";
				CLANG_CXX_LIBRARY = "libc++";
				CLANG_ENABLE_MODULES = YES;
				CLANG_ENABLE_OBJC_ARC = YES;
				CLANG_WARN_BOOL_CONVERSION = YES;
				CLANG_WARN_CONSTANT_CONVERSION = YES;
				CLANG_WARN_DIRECT_OBJC_ISA_USAGE = YES_ERROR;
				CLANG_WARN_DOCUMENTATION_COMMENTS = YES;
				CLANG_WARN_EMPTY_BODY = YES;
				CLANG_WARN_ENUM_CONVERSION = YES;
				CLANG_WARN_INFINITE_RECURSION = YES;
				CLANG_WARN_INT_CONVERSION = YES;
				CLANG_WARN_OBJC_ROOT_CLASS = YES_ERROR;
				CLANG_WARN_SUSPICIOUS_MOVE = YES;
				CLANG_WARN_UNREACHABLE_CODE = YES;
				CLANG_WARN__DUPLICATE_METHOD_MATCH = YES;
				"CODE_SIGN_IDENTITY[sdk=iphoneos*]" = "iPhone Developer";
				COPY_PHASE_STRIP = NO;
				DEBUG_INFORMATION_FORMAT = "dwarf-with-dsym";
				ENABLE_NS_ASSERTIONS = NO;
				ENABLE_STRICT_OBJC_MSGSEND = YES;
				GCC_C_LANGUAGE_STANDARD = gnu99;
				GCC_NO_COMMON_BLOCKS = YES;
				GCC_WARN_64_TO_32_BIT_CONVERSION = YES;
				GCC_WARN_ABOUT_RETURN_TYPE = YES_ERROR;
				GCC_WARN_UNDECLARED_SELECTOR = YES;
				GCC_WARN_UNINITIALIZED_AUTOS = YES_AGGRESSIVE;
				GCC_WARN_UNUSED_FUNCTION = YES;
				GCC_WARN_UNUSED_VARIABLE = YES;
				IPHONEOS_DEPLOYMENT_TARGET = 10.3;
				MTL_ENABLE_DEBUG_INFO = NO;
				SDKROOT = iphoneos;
				SWIFT_OPTIMIZATION_LEVEL = "-Owholemodule";
				TARGETED_DEVICE_FAMILY = "1,2";
				VALIDATE_PRODUCT = YES;
			};
			name = Release;
		};
		C315902A1EC51EB500D9374C /* Debug */ = {
			isa = XCBuildConfiguration;
			buildSettings = {
				ASSETCATALOG_COMPILER_APPICON_NAME = AppIcon;
				INFOPLIST_FILE = Class2_A/Info.plist;
				LD_RUNPATH_SEARCH_PATHS = "$(inherited) @executable_path/Frameworks";
				PRODUCT_BUNDLE_IDENTIFIER = "IMPESA.Class2-A";
				PRODUCT_NAME = "$(TARGET_NAME)";
				SWIFT_VERSION = 3.0;
				TARGETED_DEVICE_FAMILY = 1;
			};
			name = Debug;
		};
		C315902B1EC51EB500D9374C /* Release */ = {
			isa = XCBuildConfiguration;
			buildSettings = {
				ASSETCATALOG_COMPILER_APPICON_NAME = AppIcon;
				INFOPLIST_FILE = Class2_A/Info.plist;
				LD_RUNPATH_SEARCH_PATHS = "$(inherited) @executable_path/Frameworks";
				PRODUCT_BUNDLE_IDENTIFIER = "IMPESA.Class2-A";
				PRODUCT_NAME = "$(TARGET_NAME)";
				SWIFT_VERSION = 3.0;
				TARGETED_DEVICE_FAMILY = 1;
			};
			name = Release;
		};
/* End XCBuildConfiguration section */

/* Begin XCConfigurationList section */
		C31590121EC51EB500D9374C /* Build configuration list for PBXProject "Class2_A" */ = {
			isa = XCConfigurationList;
			buildConfigurations = (
				C31590271EC51EB500D9374C /* Debug */,
				C31590281EC51EB500D9374C /* Release */,
			);
			defaultConfigurationIsVisible = 0;
			defaultConfigurationName = Release;
		};
		C31590291EC51EB500D9374C /* Build configuration list for PBXNativeTarget "Class2_A" */ = {
			isa = XCConfigurationList;
			buildConfigurations = (
				C315902A1EC51EB500D9374C /* Debug */,
				C315902B1EC51EB500D9374C /* Release */,
			);
			defaultConfigurationIsVisible = 0;
		};
/* End XCConfigurationList section */
	};
	rootObject = C315900F1EC51EB500D9374C /* Project object */;
}
