// !$*UTF8*$!
{
	archiveVersion = 1;
	classes = {
	};
	objectVersion = 46;
	objects = {

/* Begin PBXBuildFile section */
		C34957051ECE721600B0FDED /* CategoryViewController.swift in Sources */ = {isa = PBXBuildFile; fileRef = C34957041ECE721600B0FDED /* CategoryViewController.swift */; };
		C34957071ECE723600B0FDED /* NewsViewController.swift in Sources */ = {isa = PBXBuildFile; fileRef = C34957061ECE723600B0FDED /* NewsViewController.swift */; };
		C349570A1ECE736E00B0FDED /* Helper.swift in Sources */ = {isa = PBXBuildFile; fileRef = C34957091ECE736E00B0FDED /* Helper.swift */; };
		C349570C1ECE752300B0FDED /* News.swift in Sources */ = {isa = PBXBuildFile; fileRef = C349570B1ECE752300B0FDED /* News.swift */; };
		C349570E1ECE753700B0FDED /* Category.swift in Sources */ = {isa = PBXBuildFile; fileRef = C349570D1ECE753700B0FDED /* Category.swift */; };
		C34957131ECE7D3D00B0FDED /* CategoryTableViewCell.swift in Sources */ = {isa = PBXBuildFile; fileRef = C34957111ECE7D3D00B0FDED /* CategoryTableViewCell.swift */; };
		C34957141ECE7D3D00B0FDED /* CategoryTableViewCell.xib in Resources */ = {isa = PBXBuildFile; fileRef = C34957121ECE7D3D00B0FDED /* CategoryTableViewCell.xib */; };
		C34957181ECE867B00B0FDED /* NewsTableViewCell.swift in Sources */ = {isa = PBXBuildFile; fileRef = C34957161ECE867B00B0FDED /* NewsTableViewCell.swift */; };
		C34957191ECE867B00B0FDED /* NewsTableViewCell.xib in Resources */ = {isa = PBXBuildFile; fileRef = C34957171ECE867B00B0FDED /* NewsTableViewCell.xib */; };
		C3FBF2291ECE657600203CA9 /* AppDelegate.swift in Sources */ = {isa = PBXBuildFile; fileRef = C3FBF2281ECE657600203CA9 /* AppDelegate.swift */; };
		C3FBF22E1ECE657600203CA9 /* Main.storyboard in Resources */ = {isa = PBXBuildFile; fileRef = C3FBF22C1ECE657600203CA9 /* Main.storyboard */; };
		C3FBF2301ECE657600203CA9 /* Assets.xcassets in Resources */ = {isa = PBXBuildFile; fileRef = C3FBF22F1ECE657600203CA9 /* Assets.xcassets */; };
/* End PBXBuildFile section */

/* Begin PBXFileReference section */
		C34957041ECE721600B0FDED /* CategoryViewController.swift */ = {isa = PBXFileReference; fileEncoding = 4; lastKnownFileType = sourcecode.swift; path = CategoryViewController.swift; sourceTree = "<group>"; };
		C34957061ECE723600B0FDED /* NewsViewController.swift */ = {isa = PBXFileReference; fileEncoding = 4; lastKnownFileType = sourcecode.swift; path = NewsViewController.swift; sourceTree = "<group>"; };
		C34957091ECE736E00B0FDED /* Helper.swift */ = {isa = PBXFileReference; fileEncoding = 4; lastKnownFileType = sourcecode.swift; path = Helper.swift; sourceTree = "<group>"; };
		C349570B1ECE752300B0FDED /* News.swift */ = {isa = PBXFileReference; fileEncoding = 4; lastKnownFileType = sourcecode.swift; path = News.swift; sourceTree = "<group>"; };
		C349570D1ECE753700B0FDED /* Category.swift */ = {isa = PBXFileReference; fileEncoding = 4; lastKnownFileType = sourcecode.swift; path = Category.swift; sourceTree = "<group>"; };
		C34957111ECE7D3D00B0FDED /* CategoryTableViewCell.swift */ = {isa = PBXFileReference; fileEncoding = 4; lastKnownFileType = sourcecode.swift; path = CategoryTableViewCell.swift; sourceTree = "<group>"; };
		C34957121ECE7D3D00B0FDED /* CategoryTableViewCell.xib */ = {isa = PBXFileReference; fileEncoding = 4; lastKnownFileType = file.xib; path = CategoryTableViewCell.xib; sourceTree = "<group>"; };
		C34957161ECE867B00B0FDED /* NewsTableViewCell.swift */ = {isa = PBXFileReference; fileEncoding = 4; lastKnownFileType = sourcecode.swift; path = NewsTableViewCell.swift; sourceTree = "<group>"; };
		C34957171ECE867B00B0FDED /* NewsTableViewCell.xib */ = {isa = PBXFileReference; fileEncoding = 4; lastKnownFileType = file.xib; path = NewsTableViewCell.xib; sourceTree = "<group>"; };
		C3FBF2251ECE657600203CA9 /* News.app */ = {isa = PBXFileReference; explicitFileType = wrapper.application; includeInIndex = 0; path = News.app; sourceTree = BUILT_PRODUCTS_DIR; };
		C3FBF2281ECE657600203CA9 /* AppDelegate.swift */ = {isa = PBXFileReference; lastKnownFileType = sourcecode.swift; path = AppDelegate.swift; sourceTree = "<group>"; };
		C3FBF22D1ECE657600203CA9 /* Base */ = {isa = PBXFileReference; lastKnownFileType = file.storyboard; name = Base; path = Base.lproj/Main.storyboard; sourceTree = "<group>"; };
		C3FBF22F1ECE657600203CA9 /* Assets.xcassets */ = {isa = PBXFileReference; lastKnownFileType = folder.assetcatalog; path = Assets.xcassets; sourceTree = "<group>"; };
		C3FBF2341ECE657600203CA9 /* Info.plist */ = {isa = PBXFileReference; lastKnownFileType = text.plist.xml; path = Info.plist; sourceTree = "<group>"; };
/* End PBXFileReference section */

/* Begin PBXFrameworksBuildPhase section */
		C3FBF2221ECE657600203CA9 /* Frameworks */ = {
			isa = PBXFrameworksBuildPhase;
			buildActionMask = 2147483647;
			files = (
			);
			runOnlyForDeploymentPostprocessing = 0;
		};
/* End PBXFrameworksBuildPhase section */

/* Begin PBXGroup section */
		C34957021ECE719F00B0FDED /* Categories */ = {
			isa = PBXGroup;
			children = (
				C349570F1ECE7CE200B0FDED /* CustomCell */,
				C34957041ECE721600B0FDED /* CategoryViewController.swift */,
				C349570D1ECE753700B0FDED /* Category.swift */,
			);
			name = Categories;
			sourceTree = "<group>";
		};
		C34957031ECE71B000B0FDED /* News */ = {
			isa = PBXGroup;
			children = (
				C34957151ECE863E00B0FDED /* CustomCell */,
				C34957061ECE723600B0FDED /* NewsViewController.swift */,
				C349570B1ECE752300B0FDED /* News.swift */,
			);
			name = News;
			sourceTree = "<group>";
		};
		C34957081ECE734E00B0FDED /* Extensions */ = {
			isa = PBXGroup;
			children = (
				C34957091ECE736E00B0FDED /* Helper.swift */,
			);
			name = Extensions;
			sourceTree = "<group>";
		};
		C349570F1ECE7CE200B0FDED /* CustomCell */ = {
			isa = PBXGroup;
			children = (
				C34957111ECE7D3D00B0FDED /* CategoryTableViewCell.swift */,
				C34957121ECE7D3D00B0FDED /* CategoryTableViewCell.xib */,
			);
			name = CustomCell;
			sourceTree = "<group>";
		};
		C34957151ECE863E00B0FDED /* CustomCell */ = {
			isa = PBXGroup;
			children = (
				C34957161ECE867B00B0FDED /* NewsTableViewCell.swift */,
				C34957171ECE867B00B0FDED /* NewsTableViewCell.xib */,
			);
			name = CustomCell;
			sourceTree = "<group>";
		};
		C3FBF21C1ECE657600203CA9 = {
			isa = PBXGroup;
			children = (
				C3FBF2271ECE657600203CA9 /* News */,
				C3FBF2261ECE657600203CA9 /* Products */,
			);
			sourceTree = "<group>";
		};
		C3FBF2261ECE657600203CA9 /* Products */ = {
			isa = PBXGroup;
			children = (
				C3FBF2251ECE657600203CA9 /* News.app */,
			);
			name = Products;
			sourceTree = "<group>";
		};
		C3FBF2271ECE657600203CA9 /* News */ = {
			isa = PBXGroup;
			children = (
				C34957081ECE734E00B0FDED /* Extensions */,
				C34957031ECE71B000B0FDED /* News */,
				C34957021ECE719F00B0FDED /* Categories */,
				C3FBF2281ECE657600203CA9 /* AppDelegate.swift */,
				C3FBF22C1ECE657600203CA9 /* Main.storyboard */,
				C3FBF22F1ECE657600203CA9 /* Assets.xcassets */,
				C3FBF2341ECE657600203CA9 /* Info.plist */,
			);
			path = News;
			sourceTree = "<group>";
		};
/* End PBXGroup section */

/* Begin PBXNativeTarget section */
		C3FBF2241ECE657600203CA9 /* News */ = {
			isa = PBXNativeTarget;
			buildConfigurationList = C3FBF2371ECE657600203CA9 /* Build configuration list for PBXNativeTarget "News" */;
			buildPhases = (
				C3FBF2211ECE657600203CA9 /* Sources */,
				C3FBF2221ECE657600203CA9 /* Frameworks */,
				C3FBF2231ECE657600203CA9 /* Resources */,
			);
			buildRules = (
			);
			dependencies = (
			);
			name = News;
			productName = News;
			productReference = C3FBF2251ECE657600203CA9 /* News.app */;
			productType = "com.apple.product-type.application";
		};
/* End PBXNativeTarget section */

/* Begin PBXProject section */
		C3FBF21D1ECE657600203CA9 /* Project object */ = {
			isa = PBXProject;
			attributes = {
				LastSwiftUpdateCheck = 0830;
				LastUpgradeCheck = 0830;
				ORGANIZATIONNAME = administrator;
				TargetAttributes = {
					C3FBF2241ECE657600203CA9 = {
						CreatedOnToolsVersion = 8.3.2;
						ProvisioningStyle = Automatic;
					};
				};
			};
			buildConfigurationList = C3FBF2201ECE657600203CA9 /* Build configuration list for PBXProject "News" */;
			compatibilityVersion = "Xcode 3.2";
			developmentRegion = English;
			hasScannedForEncodings = 0;
			knownRegions = (
				en,
				Base,
			);
			mainGroup = C3FBF21C1ECE657600203CA9;
			productRefGroup = C3FBF2261ECE657600203CA9 /* Products */;
			projectDirPath = "";
			projectRoot = "";
			targets = (
				C3FBF2241ECE657600203CA9 /* News */,
			);
		};
/* End PBXProject section */

/* Begin PBXResourcesBuildPhase section */
		C3FBF2231ECE657600203CA9 /* Resources */ = {
			isa = PBXResourcesBuildPhase;
			buildActionMask = 2147483647;
			files = (
				C34957141ECE7D3D00B0FDED /* CategoryTableViewCell.xib in Resources */,
				C3FBF2301ECE657600203CA9 /* Assets.xcassets in Resources */,
				C34957191ECE867B00B0FDED /* NewsTableViewCell.xib in Resources */,
				C3FBF22E1ECE657600203CA9 /* Main.storyboard in Resources */,
			);
			runOnlyForDeploymentPostprocessing = 0;
		};
/* End PBXResourcesBuildPhase section */

/* Begin PBXSourcesBuildPhase section */
		C3FBF2211ECE657600203CA9 /* Sources */ = {
			isa = PBXSourcesBuildPhase;
			buildActionMask = 2147483647;
			files = (
				C34957071ECE723600B0FDED /* NewsViewController.swift in Sources */,
				C34957051ECE721600B0FDED /* CategoryViewController.swift in Sources */,
				C34957181ECE867B00B0FDED /* NewsTableViewCell.swift in Sources */,
				C3FBF2291ECE657600203CA9 /* AppDelegate.swift in Sources */,
				C349570C1ECE752300B0FDED /* News.swift in Sources */,
				C34957131ECE7D3D00B0FDED /* CategoryTableViewCell.swift in Sources */,
				C349570A1ECE736E00B0FDED /* Helper.swift in Sources */,
				C349570E1ECE753700B0FDED /* Category.swift in Sources */,
			);
			runOnlyForDeploymentPostprocessing = 0;
		};
/* End PBXSourcesBuildPhase section */

/* Begin PBXVariantGroup section */
		C3FBF22C1ECE657600203CA9 /* Main.storyboard */ = {
			isa = PBXVariantGroup;
			children = (
				C3FBF22D1ECE657600203CA9 /* Base */,
			);
			name = Main.storyboard;
			sourceTree = "<group>";
		};
/* End PBXVariantGroup section */

/* Begin XCBuildConfiguration section */
		C3FBF2351ECE657600203CA9 /* Debug */ = {
			isa = XCBuildConfiguration;
			buildSettings = {
				ALWAYS_SEARCH_USER_PATHS = NO;
				CLANG_ANALYZER_NONNULL = YES;
				CLANG_ANALYZER_NUMBER_OBJECT_CONVERSION = YES_AGGRESSIVE;
				CLANG_CXX_LANGUAGE_STANDARD = "gnu++0x";
				CLANG_CXX_LIBRARY = "libc++";
				CLANG_ENABLE_MODULES = YES;
				CLANG_ENABLE_OBJC_ARC = YES;
				CLANG_WARN_BOOL_CONVERSION = YES;
				CLANG_WARN_CONSTANT_CONVERSION = YES;
				CLANG_WARN_DIRECT_OBJC_ISA_USAGE = YES_ERROR;
				CLANG_WARN_DOCUMENTATION_COMMENTS = YES;
				CLANG_WARN_EMPTY_BODY = YES;
				CLANG_WARN_ENUM_CONVERSION = YES;
				CLANG_WARN_INFINITE_RECURSION = YES;
				CLANG_WARN_INT_CONVERSION = YES;
				CLANG_WARN_OBJC_ROOT_CLASS = YES_ERROR;
				CLANG_WARN_SUSPICIOUS_MOVE = YES;
				CLANG_WARN_UNREACHABLE_CODE = YES;
				CLANG_WARN__DUPLICATE_METHOD_MATCH = YES;
				"CODE_SIGN_IDENTITY[sdk=iphoneos*]" = "iPhone Developer";
				COPY_PHASE_STRIP = NO;
				DEBUG_INFORMATION_FORMAT = dwarf;
				ENABLE_STRICT_OBJC_MSGSEND = YES;
				ENABLE_TESTABILITY = YES;
				GCC_C_LANGUAGE_STANDARD = gnu99;
				GCC_DYNAMIC_NO_PIC = NO;
				GCC_NO_COMMON_BLOCKS = YES;
				GCC_OPTIMIZATION_LEVEL = 0;
				GCC_PREPROCESSOR_DEFINITIONS = (
					"DEBUG=1",
					"$(inherited)",
				);
				GCC_WARN_64_TO_32_BIT_CONVERSION = YES;
				GCC_WARN_ABOUT_RETURN_TYPE = YES_ERROR;
				GCC_WARN_UNDECLARED_SELECTOR = YES;
				GCC_WARN_UNINITIALIZED_AUTOS = YES_AGGRESSIVE;
				GCC_WARN_UNUSED_FUNCTION = YES;
				GCC_WARN_UNUSED_VARIABLE = YES;
				IPHONEOS_DEPLOYMENT_TARGET = 10.3;
				MTL_ENABLE_DEBUG_INFO = YES;
				ONLY_ACTIVE_ARCH = YES;
				SDKROOT = iphoneos;
				SWIFT_ACTIVE_COMPILATION_CONDITIONS = DEBUG;
				SWIFT_OPTIMIZATION_LEVEL = "-Onone";
			};
			name = Debug;
		};
		C3FBF2361ECE657600203CA9 /* Release */ = {
			isa = XCBuildConfiguration;
			buildSettings = {
				ALWAYS_SEARCH_USER_PATHS = NO;
				CLANG_ANALYZER_NONNULL = YES;
				CLANG_ANALYZER_NUMBER_OBJECT_CONVERSION = YES_AGGRESSIVE;
				CLANG_CXX_LANGUAGE_STANDARD = "gnu++0x";
				CLANG_CXX_LIBRARY = "libc++";
				CLANG_ENABLE_MODULES = YES;
				CLANG_ENABLE_OBJC_ARC = YES;
				CLANG_WARN_BOOL_CONVERSION = YES;
				CLANG_WARN_CONSTANT_CONVERSION = YES;
				CLANG_WARN_DIRECT_OBJC_ISA_USAGE = YES_ERROR;
				CLANG_WARN_DOCUMENTATION_COMMENTS = YES;
				CLANG_WARN_EMPTY_BODY = YES;
				CLANG_WARN_ENUM_CONVERSION = YES;
				CLANG_WARN_INFINITE_RECURSION = YES;
				CLANG_WARN_INT_CONVERSION = YES;
				CLANG_WARN_OBJC_ROOT_CLASS = YES_ERROR;
				CLANG_WARN_SUSPICIOUS_MOVE = YES;
				CLANG_WARN_UNREACHABLE_CODE = YES;
				CLANG_WARN__DUPLICATE_METHOD_MATCH = YES;
				"CODE_SIGN_IDENTITY[sdk=iphoneos*]" = "iPhone Developer";
				COPY_PHASE_STRIP = NO;
				DEBUG_INFORMATION_FORMAT = "dwarf-with-dsym";
				ENABLE_NS_ASSERTIONS = NO;
				ENABLE_STRICT_OBJC_MSGSEND = YES;
				GCC_C_LANGUAGE_STANDARD = gnu99;
				GCC_NO_COMMON_BLOCKS = YES;
				GCC_WARN_64_TO_32_BIT_CONVERSION = YES;
				GCC_WARN_ABOUT_RETURN_TYPE = YES_ERROR;
				GCC_WARN_UNDECLARED_SELECTOR = YES;
				GCC_WARN_UNINITIALIZED_AUTOS = YES_AGGRESSIVE;
				GCC_WARN_UNUSED_FUNCTION = YES;
				GCC_WARN_UNUSED_VARIABLE = YES;
				IPHONEOS_DEPLOYMENT_TARGET = 10.3;
				MTL_ENABLE_DEBUG_INFO = NO;
				SDKROOT = iphoneos;
				SWIFT_OPTIMIZATION_LEVEL = "-Owholemodule";
				VALIDATE_PRODUCT = YES;
			};
			name = Release;
		};
		C3FBF2381ECE657600203CA9 /* Debug */ = {
			isa = XCBuildConfiguration;
			buildSettings = {
				ASSETCATALOG_COMPILER_APPICON_NAME = AppIcon;
				ASSETCATALOG_COMPILER_LAUNCHIMAGE_NAME = LaunchImage;
				INFOPLIST_FILE = News/Info.plist;
				LD_RUNPATH_SEARCH_PATHS = "$(inherited) @executable_path/Frameworks";
				PRODUCT_BUNDLE_IDENTIFIER = IMPESA.News;
				PRODUCT_NAME = "$(TARGET_NAME)";
				SWIFT_VERSION = 3.0;
			};
			name = Debug;
		};
		C3FBF2391ECE657600203CA9 /* Release */ = {
			isa = XCBuildConfiguration;
			buildSettings = {
				ASSETCATALOG_COMPILER_APPICON_NAME = AppIcon;
				ASSETCATALOG_COMPILER_LAUNCHIMAGE_NAME = LaunchImage;
				INFOPLIST_FILE = News/Info.plist;
				LD_RUNPATH_SEARCH_PATHS = "$(inherited) @executable_path/Frameworks";
				PRODUCT_BUNDLE_IDENTIFIER = IMPESA.News;
				PRODUCT_NAME = "$(TARGET_NAME)";
				SWIFT_VERSION = 3.0;
			};
			name = Release;
		};
/* End XCBuildConfiguration section */

/* Begin XCConfigurationList section */
		C3FBF2201ECE657600203CA9 /* Build configuration list for PBXProject "News" */ = {
			isa = XCConfigurationList;
			buildConfigurations = (
				C3FBF2351ECE657600203CA9 /* Debug */,
				C3FBF2361ECE657600203CA9 /* Release */,
			);
			defaultConfigurationIsVisible = 0;
			defaultConfigurationName = Release;
		};
		C3FBF2371ECE657600203CA9 /* Build configuration list for PBXNativeTarget "News" */ = {
			isa = XCConfigurationList;
			buildConfigurations = (
				C3FBF2381ECE657600203CA9 /* Debug */,
				C3FBF2391ECE657600203CA9 /* Release */,
			);
			defaultConfigurationIsVisible = 0;
			defaultConfigurationName = Release;
		};
/* End XCConfigurationList section */
	};
	rootObject = C3FBF21D1ECE657600203CA9 /* Project object */;
}
