// !$*UTF8*$!
{
	archiveVersion = 1;
	classes = {
	};
	objectVersion = 46;
	objects = {

/* Begin PBXBuildFile section */
		1BF689136F019D6AFF633CFC /* Pods_News.framework in Frameworks */ = {isa = PBXBuildFile; fileRef = 40327E2DCDF1B52A71F00078 /* Pods_News.framework */; };
		EF2600941ED79A0200AC2A6E /* RealmManager.swift in Sources */ = {isa = PBXBuildFile; fileRef = EF2600931ED79A0200AC2A6E /* RealmManager.swift */; };
		EF280F8C1ED501A000274797 /* NewsDetailTableViewController.swift in Sources */ = {isa = PBXBuildFile; fileRef = EF280F8B1ED501A000274797 /* NewsDetailTableViewController.swift */; };
		EFEBC73C1ECE65EC00CBB012 /* AppDelegate.swift in Sources */ = {isa = PBXBuildFile; fileRef = EFEBC73B1ECE65EC00CBB012 /* AppDelegate.swift */; };
		EFEBC7411ECE65EC00CBB012 /* Main.storyboard in Resources */ = {isa = PBXBuildFile; fileRef = EFEBC73F1ECE65EC00CBB012 /* Main.storyboard */; };
		EFEBC7431ECE65EC00CBB012 /* Assets.xcassets in Resources */ = {isa = PBXBuildFile; fileRef = EFEBC7421ECE65EC00CBB012 /* Assets.xcassets */; };
		EFEBC7501ECE71FF00CBB012 /* CategoryViewController.swift in Sources */ = {isa = PBXBuildFile; fileRef = EFEBC74F1ECE71FF00CBB012 /* CategoryViewController.swift */; };
		EFEBC7521ECE722D00CBB012 /* NewsViewController.swift in Sources */ = {isa = PBXBuildFile; fileRef = EFEBC7511ECE722D00CBB012 /* NewsViewController.swift */; };
		EFEBC7541ECE72F400CBB012 /* Helper.swift in Sources */ = {isa = PBXBuildFile; fileRef = EFEBC7531ECE72F400CBB012 /* Helper.swift */; };
		EFEBC7571ECE750900CBB012 /* News.swift in Sources */ = {isa = PBXBuildFile; fileRef = EFEBC7561ECE750900CBB012 /* News.swift */; };
		EFEBC7591ECE751A00CBB012 /* Category.swift in Sources */ = {isa = PBXBuildFile; fileRef = EFEBC7581ECE751A00CBB012 /* Category.swift */; };
		EFEBC75D1ECE7BD100CBB012 /* CategoryTableViewCell.swift in Sources */ = {isa = PBXBuildFile; fileRef = EFEBC75B1ECE7BD100CBB012 /* CategoryTableViewCell.swift */; };
		EFEBC75E1ECE7BD100CBB012 /* CategoryTableViewCell.xib in Resources */ = {isa = PBXBuildFile; fileRef = EFEBC75C1ECE7BD100CBB012 /* CategoryTableViewCell.xib */; };
		EFEBC7621ECE861600CBB012 /* NewsTableViewCell.swift in Sources */ = {isa = PBXBuildFile; fileRef = EFEBC7601ECE861600CBB012 /* NewsTableViewCell.swift */; };
		EFEBC7631ECE861600CBB012 /* NewsTableViewCell.xib in Resources */ = {isa = PBXBuildFile; fileRef = EFEBC7611ECE861600CBB012 /* NewsTableViewCell.xib */; };
/* End PBXBuildFile section */

/* Begin PBXFileReference section */
		40327E2DCDF1B52A71F00078 /* Pods_News.framework */ = {isa = PBXFileReference; explicitFileType = wrapper.framework; includeInIndex = 0; path = Pods_News.framework; sourceTree = BUILT_PRODUCTS_DIR; };
		801354191F167CCD045432D3 /* Pods-News.debug.xcconfig */ = {isa = PBXFileReference; includeInIndex = 1; lastKnownFileType = text.xcconfig; name = "Pods-News.debug.xcconfig"; path = "Pods/Target Support Files/Pods-News/Pods-News.debug.xcconfig"; sourceTree = "<group>"; };
		ACB64BAEDAC5C72134E08E7B /* Pods-News.release.xcconfig */ = {isa = PBXFileReference; includeInIndex = 1; lastKnownFileType = text.xcconfig; name = "Pods-News.release.xcconfig"; path = "Pods/Target Support Files/Pods-News/Pods-News.release.xcconfig"; sourceTree = "<group>"; };
		EF2600931ED79A0200AC2A6E /* RealmManager.swift */ = {isa = PBXFileReference; fileEncoding = 4; lastKnownFileType = sourcecode.swift; path = RealmManager.swift; sourceTree = "<group>"; };
		EF280F8B1ED501A000274797 /* NewsDetailTableViewController.swift */ = {isa = PBXFileReference; fileEncoding = 4; lastKnownFileType = sourcecode.swift; path = NewsDetailTableViewController.swift; sourceTree = "<group>"; };
		EFEBC7381ECE65EC00CBB012 /* News.app */ = {isa = PBXFileReference; explicitFileType = wrapper.application; includeInIndex = 0; path = News.app; sourceTree = BUILT_PRODUCTS_DIR; };
		EFEBC73B1ECE65EC00CBB012 /* AppDelegate.swift */ = {isa = PBXFileReference; lastKnownFileType = sourcecode.swift; path = AppDelegate.swift; sourceTree = "<group>"; };
		EFEBC7401ECE65EC00CBB012 /* Base */ = {isa = PBXFileReference; lastKnownFileType = file.storyboard; name = Base; path = Base.lproj/Main.storyboard; sourceTree = "<group>"; };
		EFEBC7421ECE65EC00CBB012 /* Assets.xcassets */ = {isa = PBXFileReference; lastKnownFileType = folder.assetcatalog; path = Assets.xcassets; sourceTree = "<group>"; };
		EFEBC7471ECE65EC00CBB012 /* Info.plist */ = {isa = PBXFileReference; lastKnownFileType = text.plist.xml; path = Info.plist; sourceTree = "<group>"; };
		EFEBC74F1ECE71FF00CBB012 /* CategoryViewController.swift */ = {isa = PBXFileReference; fileEncoding = 4; lastKnownFileType = sourcecode.swift; path = CategoryViewController.swift; sourceTree = "<group>"; };
		EFEBC7511ECE722D00CBB012 /* NewsViewController.swift */ = {isa = PBXFileReference; fileEncoding = 4; lastKnownFileType = sourcecode.swift; path = NewsViewController.swift; sourceTree = "<group>"; };
		EFEBC7531ECE72F400CBB012 /* Helper.swift */ = {isa = PBXFileReference; fileEncoding = 4; lastKnownFileType = sourcecode.swift; name = Helper.swift; path = ../Helper.swift; sourceTree = "<group>"; };
		EFEBC7561ECE750900CBB012 /* News.swift */ = {isa = PBXFileReference; fileEncoding = 4; lastKnownFileType = sourcecode.swift; path = News.swift; sourceTree = "<group>"; };
		EFEBC7581ECE751A00CBB012 /* Category.swift */ = {isa = PBXFileReference; fileEncoding = 4; lastKnownFileType = sourcecode.swift; path = Category.swift; sourceTree = "<group>"; };
		EFEBC75B1ECE7BD100CBB012 /* CategoryTableViewCell.swift */ = {isa = PBXFileReference; fileEncoding = 4; lastKnownFileType = sourcecode.swift; path = CategoryTableViewCell.swift; sourceTree = "<group>"; };
		EFEBC75C1ECE7BD100CBB012 /* CategoryTableViewCell.xib */ = {isa = PBXFileReference; fileEncoding = 4; lastKnownFileType = file.xib; path = CategoryTableViewCell.xib; sourceTree = "<group>"; };
		EFEBC7601ECE861600CBB012 /* NewsTableViewCell.swift */ = {isa = PBXFileReference; fileEncoding = 4; lastKnownFileType = sourcecode.swift; path = NewsTableViewCell.swift; sourceTree = "<group>"; };
		EFEBC7611ECE861600CBB012 /* NewsTableViewCell.xib */ = {isa = PBXFileReference; fileEncoding = 4; lastKnownFileType = file.xib; path = NewsTableViewCell.xib; sourceTree = "<group>"; };
/* End PBXFileReference section */

/* Begin PBXFrameworksBuildPhase section */
		EFEBC7351ECE65EC00CBB012 /* Frameworks */ = {
			isa = PBXFrameworksBuildPhase;
			buildActionMask = 2147483647;
			files = (
				1BF689136F019D6AFF633CFC /* Pods_News.framework in Frameworks */,
			);
			runOnlyForDeploymentPostprocessing = 0;
		};
/* End PBXFrameworksBuildPhase section */

/* Begin PBXGroup section */
		8D7E1C95EF0BE5D80EF4BFD4 /* Frameworks */ = {
			isa = PBXGroup;
			children = (
				40327E2DCDF1B52A71F00078 /* Pods_News.framework */,
			);
			name = Frameworks;
			sourceTree = "<group>";
		};
		C4B267810F7BD23B0F634490 /* Pods */ = {
			isa = PBXGroup;
			children = (
				801354191F167CCD045432D3 /* Pods-News.debug.xcconfig */,
				ACB64BAEDAC5C72134E08E7B /* Pods-News.release.xcconfig */,
			);
			name = Pods;
			sourceTree = "<group>";
		};
		EF2600921ED799C900AC2A6E /* Managers */ = {
			isa = PBXGroup;
			children = (
				EF2600931ED79A0200AC2A6E /* RealmManager.swift */,
			);
			name = Managers;
			sourceTree = "<group>";
		};
		EFEBC72F1ECE65EC00CBB012 = {
			isa = PBXGroup;
			children = (
				EFEBC73A1ECE65EC00CBB012 /* News */,
				EFEBC7391ECE65EC00CBB012 /* Products */,
				C4B267810F7BD23B0F634490 /* Pods */,
				8D7E1C95EF0BE5D80EF4BFD4 /* Frameworks */,
			);
			sourceTree = "<group>";
		};
		EFEBC7391ECE65EC00CBB012 /* Products */ = {
			isa = PBXGroup;
			children = (
				EFEBC7381ECE65EC00CBB012 /* News.app */,
			);
			name = Products;
			sourceTree = "<group>";
		};
		EFEBC73A1ECE65EC00CBB012 /* News */ = {
			isa = PBXGroup;
			children = (
				EF2600921ED799C900AC2A6E /* Managers */,
				EFEBC7551ECE734B00CBB012 /* Extensions */,
				EFEBC74E1ECE71C300CBB012 /* News */,
				EFEBC74D1ECE71AE00CBB012 /* Categories */,
				EFEBC73B1ECE65EC00CBB012 /* AppDelegate.swift */,
				EFEBC73F1ECE65EC00CBB012 /* Main.storyboard */,
				EFEBC7421ECE65EC00CBB012 /* Assets.xcassets */,
				EFEBC7471ECE65EC00CBB012 /* Info.plist */,
			);
			path = News;
			sourceTree = "<group>";
		};
		EFEBC74D1ECE71AE00CBB012 /* Categories */ = {
			isa = PBXGroup;
			children = (
				EFEBC75A1ECE7B5800CBB012 /* CustomCell */,
				EFEBC74F1ECE71FF00CBB012 /* CategoryViewController.swift */,
				EFEBC7581ECE751A00CBB012 /* Category.swift */,
			);
			name = Categories;
			sourceTree = "<group>";
		};
		EFEBC74E1ECE71C300CBB012 /* News */ = {
			isa = PBXGroup;
			children = (
				EFEBC75F1ECE860500CBB012 /* CustomCell */,
				EFEBC7511ECE722D00CBB012 /* NewsViewController.swift */,
				EFEBC7561ECE750900CBB012 /* News.swift */,
				EF280F8B1ED501A000274797 /* NewsDetailTableViewController.swift */,
			);
			name = News;
			sourceTree = "<group>";
		};
		EFEBC7551ECE734B00CBB012 /* Extensions */ = {
			isa = PBXGroup;
			children = (
				EFEBC7531ECE72F400CBB012 /* Helper.swift */,
			);
			name = Extensions;
			sourceTree = "<group>";
		};
		EFEBC75A1ECE7B5800CBB012 /* CustomCell */ = {
			isa = PBXGroup;
			children = (
				EFEBC75B1ECE7BD100CBB012 /* CategoryTableViewCell.swift */,
				EFEBC75C1ECE7BD100CBB012 /* CategoryTableViewCell.xib */,
			);
			name = CustomCell;
			path = ..;
			sourceTree = "<group>";
		};
		EFEBC75F1ECE860500CBB012 /* CustomCell */ = {
			isa = PBXGroup;
			children = (
				EFEBC7601ECE861600CBB012 /* NewsTableViewCell.swift */,
				EFEBC7611ECE861600CBB012 /* NewsTableViewCell.xib */,
			);
			name = CustomCell;
			sourceTree = "<group>";
		};
/* End PBXGroup section */

/* Begin PBXNativeTarget section */
		EFEBC7371ECE65EC00CBB012 /* News */ = {
			isa = PBXNativeTarget;
			buildConfigurationList = EFEBC74A1ECE65EC00CBB012 /* Build configuration list for PBXNativeTarget "News" */;
			buildPhases = (
				4EAC8031C5ACA1ADC5721D32 /* [CP] Check Pods Manifest.lock */,
				EFEBC7341ECE65EC00CBB012 /* Sources */,
				EFEBC7351ECE65EC00CBB012 /* Frameworks */,
				EFEBC7361ECE65EC00CBB012 /* Resources */,
				35C5B978646FE3C700B79D47 /* [CP] Embed Pods Frameworks */,
				CD407664DF44F71DE78E234C /* [CP] Copy Pods Resources */,
			);
			buildRules = (
			);
			dependencies = (
			);
			name = News;
			productName = News;
			productReference = EFEBC7381ECE65EC00CBB012 /* News.app */;
			productType = "com.apple.product-type.application";
		};
/* End PBXNativeTarget section */

/* Begin PBXProject section */
		EFEBC7301ECE65EC00CBB012 /* Project object */ = {
			isa = PBXProject;
			attributes = {
				LastSwiftUpdateCheck = 0830;
				LastUpgradeCheck = 0830;
				ORGANIZATIONNAME = "Local User";
				TargetAttributes = {
					EFEBC7371ECE65EC00CBB012 = {
						CreatedOnToolsVersion = 8.3.2;
						ProvisioningStyle = Automatic;
					};
				};
			};
			buildConfigurationList = EFEBC7331ECE65EC00CBB012 /* Build configuration list for PBXProject "News" */;
			compatibilityVersion = "Xcode 3.2";
			developmentRegion = English;
			hasScannedForEncodings = 0;
			knownRegions = (
				en,
				Base,
			);
			mainGroup = EFEBC72F1ECE65EC00CBB012;
			productRefGroup = EFEBC7391ECE65EC00CBB012 /* Products */;
			projectDirPath = "";
			projectRoot = "";
			targets = (
				EFEBC7371ECE65EC00CBB012 /* News */,
			);
		};
/* End PBXProject section */

/* Begin PBXResourcesBuildPhase section */
		EFEBC7361ECE65EC00CBB012 /* Resources */ = {
			isa = PBXResourcesBuildPhase;
			buildActionMask = 2147483647;
			files = (
				EFEBC75E1ECE7BD100CBB012 /* CategoryTableViewCell.xib in Resources */,
				EFEBC7431ECE65EC00CBB012 /* Assets.xcassets in Resources */,
				EFEBC7631ECE861600CBB012 /* NewsTableViewCell.xib in Resources */,
				EFEBC7411ECE65EC00CBB012 /* Main.storyboard in Resources */,
			);
			runOnlyForDeploymentPostprocessing = 0;
		};
/* End PBXResourcesBuildPhase section */

/* Begin PBXShellScriptBuildPhase section */
		35C5B978646FE3C700B79D47 /* [CP] Embed Pods Frameworks */ = {
			isa = PBXShellScriptBuildPhase;
			buildActionMask = 2147483647;
			files = (
			);
			inputPaths = (
			);
			name = "[CP] Embed Pods Frameworks";
			outputPaths = (
			);
			runOnlyForDeploymentPostprocessing = 0;
			shellPath = /bin/sh;
			shellScript = "\"${SRCROOT}/Pods/Target Support Files/Pods-News/Pods-News-frameworks.sh\"\n";
			showEnvVarsInLog = 0;
		};
		4EAC8031C5ACA1ADC5721D32 /* [CP] Check Pods Manifest.lock */ = {
			isa = PBXShellScriptBuildPhase;
			buildActionMask = 2147483647;
			files = (
			);
			inputPaths = (
			);
			name = "[CP] Check Pods Manifest.lock";
			outputPaths = (
			);
			runOnlyForDeploymentPostprocessing = 0;
			shellPath = /bin/sh;
			shellScript = "diff \"${PODS_PODFILE_DIR_PATH}/Podfile.lock\" \"${PODS_ROOT}/Manifest.lock\" > /dev/null\nif [ $? != 0 ] ; then\n    # print error to STDERR\n    echo \"error: The sandbox is not in sync with the Podfile.lock. Run 'pod install' or update your CocoaPods installation.\" >&2\n    exit 1\nfi\n";
			showEnvVarsInLog = 0;
		};
		CD407664DF44F71DE78E234C /* [CP] Copy Pods Resources */ = {
			isa = PBXShellScriptBuildPhase;
			buildActionMask = 2147483647;
			files = (
			);
			inputPaths = (
			);
			name = "[CP] Copy Pods Resources";
			outputPaths = (
			);
			runOnlyForDeploymentPostprocessing = 0;
			shellPath = /bin/sh;
			shellScript = "\"${SRCROOT}/Pods/Target Support Files/Pods-News/Pods-News-resources.sh\"\n";
			showEnvVarsInLog = 0;
		};
/* End PBXShellScriptBuildPhase section */

/* Begin PBXSourcesBuildPhase section */
		EFEBC7341ECE65EC00CBB012 /* Sources */ = {
			isa = PBXSourcesBuildPhase;
			buildActionMask = 2147483647;
			files = (
				EFEBC7521ECE722D00CBB012 /* NewsViewController.swift in Sources */,
				EFEBC7501ECE71FF00CBB012 /* CategoryViewController.swift in Sources */,
				EFEBC7621ECE861600CBB012 /* NewsTableViewCell.swift in Sources */,
				EFEBC73C1ECE65EC00CBB012 /* AppDelegate.swift in Sources */,
				EFEBC7571ECE750900CBB012 /* News.swift in Sources */,
				EFEBC75D1ECE7BD100CBB012 /* CategoryTableViewCell.swift in Sources */,
				EFEBC7541ECE72F400CBB012 /* Helper.swift in Sources */,
				EF2600941ED79A0200AC2A6E /* RealmManager.swift in Sources */,
				EF280F8C1ED501A000274797 /* NewsDetailTableViewController.swift in Sources */,
				EFEBC7591ECE751A00CBB012 /* Category.swift in Sources */,
			);
			runOnlyForDeploymentPostprocessing = 0;
		};
/* End PBXSourcesBuildPhase section */

/* Begin PBXVariantGroup section */
		EFEBC73F1ECE65EC00CBB012 /* Main.storyboard */ = {
			isa = PBXVariantGroup;
			children = (
				EFEBC7401ECE65EC00CBB012 /* Base */,
			);
			name = Main.storyboard;
			sourceTree = "<group>";
		};
/* End PBXVariantGroup section */

/* Begin XCBuildConfiguration section */
		EFEBC7481ECE65EC00CBB012 /* Debug */ = {
			isa = XCBuildConfiguration;
			buildSettings = {
				ALWAYS_SEARCH_USER_PATHS = NO;
				CLANG_ANALYZER_NONNULL = YES;
				CLANG_ANALYZER_NUMBER_OBJECT_CONVERSION = YES_AGGRESSIVE;
				CLANG_CXX_LANGUAGE_STANDARD = "gnu++0x";
				CLANG_CXX_LIBRARY = "libc++";
				CLANG_ENABLE_MODULES = YES;
				CLANG_ENABLE_OBJC_ARC = YES;
				CLANG_WARN_BOOL_CONVERSION = YES;
				CLANG_WARN_CONSTANT_CONVERSION = YES;
				CLANG_WARN_DIRECT_OBJC_ISA_USAGE = YES_ERROR;
				CLANG_WARN_DOCUMENTATION_COMMENTS = YES;
				CLANG_WARN_EMPTY_BODY = YES;
				CLANG_WARN_ENUM_CONVERSION = YES;
				CLANG_WARN_INFINITE_RECURSION = YES;
				CLANG_WARN_INT_CONVERSION = YES;
				CLANG_WARN_OBJC_ROOT_CLASS = YES_ERROR;
				CLANG_WARN_SUSPICIOUS_MOVE = YES;
				CLANG_WARN_UNREACHABLE_CODE = YES;
				CLANG_WARN__DUPLICATE_METHOD_MATCH = YES;
				"CODE_SIGN_IDENTITY[sdk=iphoneos*]" = "iPhone Developer";
				COPY_PHASE_STRIP = NO;
				DEBUG_INFORMATION_FORMAT = dwarf;
				ENABLE_STRICT_OBJC_MSGSEND = YES;
				ENABLE_TESTABILITY = YES;
				GCC_C_LANGUAGE_STANDARD = gnu99;
				GCC_DYNAMIC_NO_PIC = NO;
				GCC_NO_COMMON_BLOCKS = YES;
				GCC_OPTIMIZATION_LEVEL = 0;
				GCC_PREPROCESSOR_DEFINITIONS = (
					"DEBUG=1",
					"$(inherited)",
				);
				GCC_WARN_64_TO_32_BIT_CONVERSION = YES;
				GCC_WARN_ABOUT_RETURN_TYPE = YES_ERROR;
				GCC_WARN_UNDECLARED_SELECTOR = YES;
				GCC_WARN_UNINITIALIZED_AUTOS = YES_AGGRESSIVE;
				GCC_WARN_UNUSED_FUNCTION = YES;
				GCC_WARN_UNUSED_VARIABLE = YES;
				IPHONEOS_DEPLOYMENT_TARGET = 10.3;
				MTL_ENABLE_DEBUG_INFO = YES;
				ONLY_ACTIVE_ARCH = YES;
				SDKROOT = iphoneos;
				SWIFT_ACTIVE_COMPILATION_CONDITIONS = DEBUG;
				SWIFT_OPTIMIZATION_LEVEL = "-Onone";
			};
			name = Debug;
		};
		EFEBC7491ECE65EC00CBB012 /* Release */ = {
			isa = XCBuildConfiguration;
			buildSettings = {
				ALWAYS_SEARCH_USER_PATHS = NO;
				CLANG_ANALYZER_NONNULL = YES;
				CLANG_ANALYZER_NUMBER_OBJECT_CONVERSION = YES_AGGRESSIVE;
				CLANG_CXX_LANGUAGE_STANDARD = "gnu++0x";
				CLANG_CXX_LIBRARY = "libc++";
				CLANG_ENABLE_MODULES = YES;
				CLANG_ENABLE_OBJC_ARC = YES;
				CLANG_WARN_BOOL_CONVERSION = YES;
				CLANG_WARN_CONSTANT_CONVERSION = YES;
				CLANG_WARN_DIRECT_OBJC_ISA_USAGE = YES_ERROR;
				CLANG_WARN_DOCUMENTATION_COMMENTS = YES;
				CLANG_WARN_EMPTY_BODY = YES;
				CLANG_WARN_ENUM_CONVERSION = YES;
				CLANG_WARN_INFINITE_RECURSION = YES;
				CLANG_WARN_INT_CONVERSION = YES;
				CLANG_WARN_OBJC_ROOT_CLASS = YES_ERROR;
				CLANG_WARN_SUSPICIOUS_MOVE = YES;
				CLANG_WARN_UNREACHABLE_CODE = YES;
				CLANG_WARN__DUPLICATE_METHOD_MATCH = YES;
				"CODE_SIGN_IDENTITY[sdk=iphoneos*]" = "iPhone Developer";
				COPY_PHASE_STRIP = NO;
				DEBUG_INFORMATION_FORMAT = "dwarf-with-dsym";
				ENABLE_NS_ASSERTIONS = NO;
				ENABLE_STRICT_OBJC_MSGSEND = YES;
				GCC_C_LANGUAGE_STANDARD = gnu99;
				GCC_NO_COMMON_BLOCKS = YES;
				GCC_WARN_64_TO_32_BIT_CONVERSION = YES;
				GCC_WARN_ABOUT_RETURN_TYPE = YES_ERROR;
				GCC_WARN_UNDECLARED_SELECTOR = YES;
				GCC_WARN_UNINITIALIZED_AUTOS = YES_AGGRESSIVE;
				GCC_WARN_UNUSED_FUNCTION = YES;
				GCC_WARN_UNUSED_VARIABLE = YES;
				IPHONEOS_DEPLOYMENT_TARGET = 10.3;
				MTL_ENABLE_DEBUG_INFO = NO;
				SDKROOT = iphoneos;
				SWIFT_OPTIMIZATION_LEVEL = "-Owholemodule";
				VALIDATE_PRODUCT = YES;
			};
			name = Release;
		};
		EFEBC74B1ECE65EC00CBB012 /* Debug */ = {
			isa = XCBuildConfiguration;
			baseConfigurationReference = 801354191F167CCD045432D3 /* Pods-News.debug.xcconfig */;
			buildSettings = {
				ASSETCATALOG_COMPILER_APPICON_NAME = AppIcon;
				ASSETCATALOG_COMPILER_LAUNCHIMAGE_NAME = LaunchImage;
				INFOPLIST_FILE = News/Info.plist;
				LD_RUNPATH_SEARCH_PATHS = "$(inherited) @executable_path/Frameworks";
				PRODUCT_BUNDLE_IDENTIFIER = IMPESA.News;
				PRODUCT_NAME = "$(TARGET_NAME)";
				SWIFT_VERSION = 3.0;
			};
			name = Debug;
		};
		EFEBC74C1ECE65EC00CBB012 /* Release */ = {
			isa = XCBuildConfiguration;
			baseConfigurationReference = ACB64BAEDAC5C72134E08E7B /* Pods-News.release.xcconfig */;
			buildSettings = {
				ASSETCATALOG_COMPILER_APPICON_NAME = AppIcon;
				ASSETCATALOG_COMPILER_LAUNCHIMAGE_NAME = LaunchImage;
				INFOPLIST_FILE = News/Info.plist;
				LD_RUNPATH_SEARCH_PATHS = "$(inherited) @executable_path/Frameworks";
				PRODUCT_BUNDLE_IDENTIFIER = IMPESA.News;
				PRODUCT_NAME = "$(TARGET_NAME)";
				SWIFT_VERSION = 3.0;
			};
			name = Release;
		};
/* End XCBuildConfiguration section */

/* Begin XCConfigurationList section */
		EFEBC7331ECE65EC00CBB012 /* Build configuration list for PBXProject "News" */ = {
			isa = XCConfigurationList;
			buildConfigurations = (
				EFEBC7481ECE65EC00CBB012 /* Debug */,
				EFEBC7491ECE65EC00CBB012 /* Release */,
			);
			defaultConfigurationIsVisible = 0;
			defaultConfigurationName = Release;
		};
		EFEBC74A1ECE65EC00CBB012 /* Build configuration list for PBXNativeTarget "News" */ = {
			isa = XCConfigurationList;
			buildConfigurations = (
				EFEBC74B1ECE65EC00CBB012 /* Debug */,
				EFEBC74C1ECE65EC00CBB012 /* Release */,
			);
			defaultConfigurationIsVisible = 0;
			defaultConfigurationName = Release;
		};
/* End XCConfigurationList section */
	};
	rootObject = EFEBC7301ECE65EC00CBB012 /* Project object */;
}
